
Microsoft Visual Studio Solution File, Format Version 12.00
# Visual Studio Version 16
VisualStudioVersion = 16.0.31729.503
MinimumVisualStudioVersion = 10.0.40219.1
Project("{FAE04EC0-301F-11D3-BF4B-00C04F79EFBC}") = "ShowDurability", "ShowDurability\ShowDurability.csproj", "{4058B9D2-05FA-48BE-A71A-AB5DE9E158F8}"
EndProject
Global
	GlobalSection(SolutionConfigurationPlatforms) = preSolution
		Debug|Any CPU = Debug|Any CPU
		Release|Any CPU = Release|Any CPU
	EndGlobalSection
	GlobalSection(ProjectConfigurationPlatforms) = postSolution
		{4058B9D2-05FA-48BE-A71A-AB5DE9E158F8}.Debug|Any CPU.ActiveCfg = Debug|Any CPU
		{4058B9D2-05FA-48BE-A71A-AB5DE9E158F8}.Debug|Any CPU.Build.0 = Debug|Any CPU
		{4058B9D2-05FA-48BE-A71A-AB5DE9E158F8}.Release|Any CPU.ActiveCfg = Release|Any CPU
		{4058B9D2-05FA-48BE-A71A-AB5DE9E158F8}.Release|Any CPU.Build.0 = Release|Any CPU
	EndGlobalSection
	GlobalSection(SolutionProperties) = preSolution
		HideSolutionNode = FALSE
	EndGlobalSection
	GlobalSection(ExtensibilityGlobals) = postSolution
		SolutionGuid = {2DA0E43D-7244-43E9-ACCF-4A54BD59396B}
	EndGlobalSection
EndGlobal
